
Microsoft Visual Studio Solution File, Format Version 12.00
# Visual Studio Version 16
VisualStudioVersion = 16.0.30413.136
MinimumVisualStudioVersion = 10.0.40219.1
Project("{FAE04EC0-301F-11D3-BF4B-00C04F79EFBC}") = "Notebook", "Notebook.csproj", "{35A97E93-75BC-4321-83DB-5E6487E7E04B}"
EndProject
Global
	GlobalSection(SolutionConfigurationPlatforms) = preSolution
		Debug|Any CPU = Debug|Any CPU
		Release|Any CPU = Release|Any CPU
	EndGlobalSection
	GlobalSection(ProjectConfigurationPlatforms) = postSolution
		{35A97E93-75BC-4321-83DB-5E6487E7E04B}.Debug|Any CPU.ActiveCfg = Debug|Any CPU
		{35A97E93-75BC-4321-83DB-5E6487E7E04B}.Debug|Any CPU.Build.0 = Debug|Any CPU
		{35A97E93-75BC-4321-83DB-5E6487E7E04B}.Release|Any CPU.ActiveCfg = Release|Any CPU
		{35A97E93-75BC-4321-83DB-5E6487E7E04B}.Release|Any CPU.Build.0 = Release|Any CPU
	EndGlobalSection
	GlobalSection(SolutionProperties) = preSolution
		HideSolutionNode = FALSE
	EndGlobalSection
	GlobalSection(ExtensibilityGlobals) = postSolution
		SolutionGuid = {8BD059D2-EDA6-42F1-8611-C8F99F4E10A9}
	EndGlobalSection
EndGlobal
